
Microsoft Visual Studio Solution File, Format Version 11.00
# Visual Studio 2010
Project("{FAE04EC0-301F-11D3-BF4B-00C04F79EFBC}") = "Utils.Android", "Utils.Android\Utils.Android.csproj", "{1238A3F1-F517-4DE3-890B-131D16D21373}"
EndProject
Project("{FAE04EC0-301F-11D3-BF4B-00C04F79EFBC}") = "HelloWorld.Android", "HelloWorld.Android\HelloWorld.Android.csproj", "{D70F4DBE-46DF-45BE-A69A-6FC0FABCB843}"
EndProject
Global
	GlobalSection(SolutionConfigurationPlatforms) = preSolution
		Debug|Any CPU = Debug|Any CPU
		Release|Any CPU = Release|Any CPU
	EndGlobalSection
	GlobalSection(ProjectConfigurationPlatforms) = postSolution
		{1238A3F1-F517-4DE3-890B-131D16D21373}.Debug|Any CPU.ActiveCfg = Debug|Any CPU
		{1238A3F1-F517-4DE3-890B-131D16D21373}.Debug|Any CPU.Build.0 = Debug|Any CPU
		{1238A3F1-F517-4DE3-890B-131D16D21373}.Release|Any CPU.ActiveCfg = Release|Any CPU
		{1238A3F1-F517-4DE3-890B-131D16D21373}.Release|Any CPU.Build.0 = Release|Any CPU
		{D70F4DBE-46DF-45BE-A69A-6FC0FABCB843}.Debug|Any CPU.ActiveCfg = Debug|Any CPU
		{D70F4DBE-46DF-45BE-A69A-6FC0FABCB843}.Debug|Any CPU.Build.0 = Debug|Any CPU
		{D70F4DBE-46DF-45BE-A69A-6FC0FABCB843}.Release|Any CPU.ActiveCfg = Release|Any CPU
		{D70F4DBE-46DF-45BE-A69A-6FC0FABCB843}.Release|Any CPU.Build.0 = Release|Any CPU
	EndGlobalSection
	GlobalSection(MonoDevelopProperties) = preSolution
		StartupItem = Utils.Android\Utils.Android.csproj
	EndGlobalSection
EndGlobal
